
Microsoft Visual Studio Solution File, Format Version 12.00
# Visual Studio Version 16
VisualStudioVersion = 16.0.29613.14
MinimumVisualStudioVersion = 10.0.40219.1
Project("{FAE04EC0-301F-11D3-BF4B-00C04F79EFBC}") = "Patch", "Patch\Patch.csproj", "{683163B2-19A0-4374-8F39-30D825FDB446}"
EndProject
Global
	GlobalSection(SolutionConfigurationPlatforms) = preSolution
		Debug|Any CPU = Debug|Any CPU
		Release|Any CPU = Release|Any CPU
	EndGlobalSection
	GlobalSection(ProjectConfigurationPlatforms) = postSolution
		{683163B2-19A0-4374-8F39-30D825FDB446}.Debug|Any CPU.ActiveCfg = Debug|Any CPU
		{683163B2-19A0-4374-8F39-30D825FDB446}.Debug|Any CPU.Build.0 = Debug|Any CPU
		{683163B2-19A0-4374-8F39-30D825FDB446}.Release|Any CPU.ActiveCfg = Release|Any CPU
		{683163B2-19A0-4374-8F39-30D825FDB446}.Release|Any CPU.Build.0 = Release|Any CPU
	EndGlobalSection
	GlobalSection(SolutionProperties) = preSolution
		HideSolutionNode = FALSE
	EndGlobalSection
	GlobalSection(ExtensibilityGlobals) = postSolution
		SolutionGuid = {93019691-6702-4F46-BFA7-BA621B36CDB8}
	EndGlobalSection
EndGlobal
